
Microsoft Visual Studio Solution File, Format Version 12.00
# Visual Studio Version 17
VisualStudioVersion = 17.0.31903.59
MinimumVisualStudioVersion = 10.0.40219.1
Project("{FAE04EC0-301F-11D3-BF4B-00C04F79EFBC}") = "Jellyfin.Plugin.VgmLoop", "Jellyfin.Plugin.VgmLoop\Jellyfin.Plugin.VgmLoop.csproj", "{EAF69E1B-0655-4C2B-85D3-4EED22FC831E}"
EndProject
Project("{2150E333-8FDC-42A3-9474-1A3956D46DE8}") = "tests", "tests", "{0AB3BF05-4346-4AA6-1389-037BE0695223}"
EndProject
Project("{FAE04EC0-301F-11D3-BF4B-00C04F79EFBC}") = "Jellyfin.Plugin.VgmLoop.Tests", "tests\Jellyfin.Plugin.VgmLoop.Tests\Jellyfin.Plugin.VgmLoop.Tests.csproj", "{F4AEBFE7-48EE-4668-A42F-1107E5B09719}"
EndProject
Global
	GlobalSection(SolutionConfigurationPlatforms) = preSolution
		Debug|Any CPU = Debug|Any CPU
		Debug|x64 = Debug|x64
		Debug|x86 = Debug|x86
		Release|Any CPU = Release|Any CPU
		Release|x64 = Release|x64
		Release|x86 = Release|x86
	EndGlobalSection
	GlobalSection(ProjectConfigurationPlatforms) = postSolution
		{EAF69E1B-0655-4C2B-85D3-4EED22FC831E}.Debug|Any CPU.ActiveCfg = Debug|Any CPU
		{EAF69E1B-0655-4C2B-85D3-4EED22FC831E}.Debug|Any CPU.Build.0 = Debug|Any CPU
		{EAF69E1B-0655-4C2B-85D3-4EED22FC831E}.Debug|x64.ActiveCfg = Debug|Any CPU
		{EAF69E1B-0655-4C2B-85D3-4EED22FC831E}.Debug|x64.Build.0 = Debug|Any CPU
		{EAF69E1B-0655-4C2B-85D3-4EED22FC831E}.Debug|x86.ActiveCfg = Debug|Any CPU
		{EAF69E1B-0655-4C2B-85D3-4EED22FC831E}.Debug|x86.Build.0 = Debug|Any CPU
		{EAF69E1B-0655-4C2B-85D3-4EED22FC831E}.Release|Any CPU.ActiveCfg = Release|Any CPU
		{EAF69E1B-0655-4C2B-85D3-4EED22FC831E}.Release|Any CPU.Build.0 = Release|Any CPU
		{EAF69E1B-0655-4C2B-85D3-4EED22FC831E}.Release|x64.ActiveCfg = Release|Any CPU
		{EAF69E1B-0655-4C2B-85D3-4EED22FC831E}.Release|x64.Build.0 = Release|Any CPU
		{EAF69E1B-0655-4C2B-85D3-4EED22FC831E}.Release|x86.ActiveCfg = Release|Any CPU
		{EAF69E1B-0655-4C2B-85D3-4EED22FC831E}.Release|x86.Build.0 = Release|Any CPU
		{F4AEBFE7-48EE-4668-A42F-1107E5B09719}.Debug|Any CPU.ActiveCfg = Debug|Any CPU
		{F4AEBFE7-48EE-4668-A42F-1107E5B09719}.Debug|Any CPU.Build.0 = Debug|Any CPU
		{F4AEBFE7-48EE-4668-A42F-1107E5B09719}.Debug|x64.ActiveCfg = Debug|Any CPU
		{F4AEBFE7-48EE-4668-A42F-1107E5B09719}.Debug|x64.Build.0 = Debug|Any CPU
		{F4AEBFE7-48EE-4668-A42F-1107E5B09719}.Debug|x86.ActiveCfg = Debug|Any CPU
		{F4AEBFE7-48EE-4668-A42F-1107E5B09719}.Debug|x86.Build.0 = Debug|Any CPU
		{F4AEBFE7-48EE-4668-A42F-1107E5B09719}.Release|Any CPU.ActiveCfg = Release|Any CPU
		{F4AEBFE7-48EE-4668-A42F-1107E5B09719}.Release|Any CPU.Build.0 = Release|Any CPU
		{F4AEBFE7-48EE-4668-A42F-1107E5B09719}.Release|x64.ActiveCfg = Release|Any CPU
		{F4AEBFE7-48EE-4668-A42F-1107E5B09719}.Release|x64.Build.0 = Release|Any CPU
		{F4AEBFE7-48EE-4668-A42F-1107E5B09719}.Release|x86.ActiveCfg = Release|Any CPU
		{F4AEBFE7-48EE-4668-A42F-1107E5B09719}.Release|x86.Build.0 = Release|Any CPU
	EndGlobalSection
	GlobalSection(SolutionProperties) = preSolution
		HideSolutionNode = FALSE
	EndGlobalSection
	GlobalSection(NestedProjects) = preSolution
		{F4AEBFE7-48EE-4668-A42F-1107E5B09719} = {0AB3BF05-4346-4AA6-1389-037BE0695223}
	EndGlobalSection
EndGlobal
